
Microsoft Visual Studio Solution File, Format Version 12.00
# Visual Studio Version 16
VisualStudioVersion = 16.0.30225.117
MinimumVisualStudioVersion = 10.0.40219.1
Project("{9A19103F-16F7-4668-BE54-9A1E7A4F7556}") = "SIGECA", "SIGECA\SIGECA.csproj", "{9956074B-586E-47D7-AFBE-A62CFFF497F6}"
EndProject
Project("{9A19103F-16F7-4668-BE54-9A1E7A4F7556}") = "SIGECA_Shop", "SIGECA_Shop\SIGECA_Shop.csproj", "{EA4688EC-6102-46D7-A3C0-A05D59B95F65}"
EndProject
Global
	GlobalSection(SolutionConfigurationPlatforms) = preSolution
		Debug|Any CPU = Debug|Any CPU
		Release|Any CPU = Release|Any CPU
	EndGlobalSection
	GlobalSection(ProjectConfigurationPlatforms) = postSolution
		{9956074B-586E-47D7-AFBE-A62CFFF497F6}.Debug|Any CPU.ActiveCfg = Debug|Any CPU
		{9956074B-586E-47D7-AFBE-A62CFFF497F6}.Debug|Any CPU.Build.0 = Debug|Any CPU
		{9956074B-586E-47D7-AFBE-A62CFFF497F6}.Release|Any CPU.ActiveCfg = Release|Any CPU
		{9956074B-586E-47D7-AFBE-A62CFFF497F6}.Release|Any CPU.Build.0 = Release|Any CPU
		{EA4688EC-6102-46D7-A3C0-A05D59B95F65}.Debug|Any CPU.ActiveCfg = Debug|Any CPU
		{EA4688EC-6102-46D7-A3C0-A05D59B95F65}.Debug|Any CPU.Build.0 = Debug|Any CPU
		{EA4688EC-6102-46D7-A3C0-A05D59B95F65}.Release|Any CPU.ActiveCfg = Release|Any CPU
		{EA4688EC-6102-46D7-A3C0-A05D59B95F65}.Release|Any CPU.Build.0 = Release|Any CPU
	EndGlobalSection
	GlobalSection(SolutionProperties) = preSolution
		HideSolutionNode = FALSE
	EndGlobalSection
	GlobalSection(ExtensibilityGlobals) = postSolution
		SolutionGuid = {E991420E-1B40-47F3-B92A-42E8C5EB1BC6}
	EndGlobalSection
EndGlobal
